
Microsoft Visual Studio Solution File, Format Version 12.00
# Visual Studio 15
VisualStudioVersion = 15.0.28307.106
MinimumVisualStudioVersion = 10.0.40219.1
Project("{FAE04EC0-301F-11D3-BF4B-00C04F79EFBC}") = "sztf_II_FF_practice", "sztf_II_FF_practice\sztf_II_FF_practice.csproj", "{3ADE99AD-501F-4296-97EC-5E16F4B17628}"
EndProject
Project("{FAE04EC0-301F-11D3-BF4B-00C04F79EFBC}") = "Test", "..\Test\Test.csproj", "{D316695C-FB40-4B81-B6E2-0C355E363BC7}"
	ProjectSection(ProjectDependencies) = postProject
		{3ADE99AD-501F-4296-97EC-5E16F4B17628} = {3ADE99AD-501F-4296-97EC-5E16F4B17628}
	EndProjectSection
EndProject
Global
	GlobalSection(SolutionConfigurationPlatforms) = preSolution
		Debug|Any CPU = Debug|Any CPU
		Release|Any CPU = Release|Any CPU
	EndGlobalSection
	GlobalSection(ProjectConfigurationPlatforms) = postSolution
		{3ADE99AD-501F-4296-97EC-5E16F4B17628}.Debug|Any CPU.ActiveCfg = Debug|Any CPU
		{3ADE99AD-501F-4296-97EC-5E16F4B17628}.Debug|Any CPU.Build.0 = Debug|Any CPU
		{3ADE99AD-501F-4296-97EC-5E16F4B17628}.Release|Any CPU.ActiveCfg = Release|Any CPU
		{3ADE99AD-501F-4296-97EC-5E16F4B17628}.Release|Any CPU.Build.0 = Release|Any CPU
		{D316695C-FB40-4B81-B6E2-0C355E363BC7}.Debug|Any CPU.ActiveCfg = Debug|Any CPU
		{D316695C-FB40-4B81-B6E2-0C355E363BC7}.Debug|Any CPU.Build.0 = Debug|Any CPU
		{D316695C-FB40-4B81-B6E2-0C355E363BC7}.Release|Any CPU.ActiveCfg = Release|Any CPU
		{D316695C-FB40-4B81-B6E2-0C355E363BC7}.Release|Any CPU.Build.0 = Release|Any CPU
	EndGlobalSection
	GlobalSection(SolutionProperties) = preSolution
		HideSolutionNode = FALSE
	EndGlobalSection
	GlobalSection(ExtensibilityGlobals) = postSolution
		SolutionGuid = {FD795E20-B584-49EA-A8B0-027424555643}
	EndGlobalSection
EndGlobal
